// !$*UTF8*$!
{
	archiveVersion = 1;
	classes = {
	};
	objectVersion = 50;
	objects = {

/* Begin PBXBuildFile section */
		C7F23B1225912570007EC72A /* iExpenseApp.swift in Sources */ = {isa = PBXBuildFile; fileRef = C7F23B1125912570007EC72A /* iExpenseApp.swift */; };
		C7F23B1425912570007EC72A /* ContentView.swift in Sources */ = {isa = PBXBuildFile; fileRef = C7F23B1325912570007EC72A /* ContentView.swift */; };
		C7F23B1625912572007EC72A /* Assets.xcassets in Resources */ = {isa = PBXBuildFile; fileRef = C7F23B1525912572007EC72A /* Assets.xcassets */; };
		C7F23B1925912572007EC72A /* Preview Assets.xcassets in Resources */ = {isa = PBXBuildFile; fileRef = C7F23B1825912572007EC72A /* Preview Assets.xcassets */; };
		C7F23B2425912572007EC72A /* iExpenseTests.swift in Sources */ = {isa = PBXBuildFile; fileRef = C7F23B2325912572007EC72A /* iExpenseTests.swift */; };
		C7F23B2F25912572007EC72A /* iExpenseUITests.swift in Sources */ = {isa = PBXBuildFile; fileRef = C7F23B2E25912572007EC72A /* iExpenseUITests.swift */; };
/* End PBXBuildFile section */

/* Begin PBXContainerItemProxy section */
		C7F23B2025912572007EC72A /* PBXContainerItemProxy */ = {
			isa = PBXContainerItemProxy;
			containerPortal = C7F23B0625912570007EC72A /* Project object */;
			proxyType = 1;
			remoteGlobalIDString = C7F23B0D25912570007EC72A;
			remoteInfo = iExpense;
		};
		C7F23B2B25912572007EC72A /* PBXContainerItemProxy */ = {
			isa = PBXContainerItemProxy;
			containerPortal = C7F23B0625912570007EC72A /* Project object */;
			proxyType = 1;
			remoteGlobalIDString = C7F23B0D25912570007EC72A;
			remoteInfo = iExpense;
		};
/* End PBXContainerItemProxy section */

/* Begin PBXFileReference section */
		C7F23B0E25912570007EC72A /* iExpense.app */ = {isa = PBXFileReference; explicitFileType = wrapper.application; includeInIndex = 0; path = iExpense.app; sourceTree = BUILT_PRODUCTS_DIR; };
		C7F23B1125912570007EC72A /* iExpenseApp.swift */ = {isa = PBXFileReference; lastKnownFileType = sourcecode.swift; path = iExpenseApp.swift; sourceTree = "<group>"; };
		C7F23B1325912570007EC72A /* ContentView.swift */ = {isa = PBXFileReference; lastKnownFileType = sourcecode.swift; path = ContentView.swift; sourceTree = "<group>"; };
		C7F23B1525912572007EC72A /* Assets.xcassets */ = {isa = PBXFileReference; lastKnownFileType = folder.assetcatalog; path = Assets.xcassets; sourceTree = "<group>"; };
		C7F23B1825912572007EC72A /* Preview Assets.xcassets */ = {isa = PBXFileReference; lastKnownFileType = folder.assetcatalog; path = "Preview Assets.xcassets"; sourceTree = "<group>"; };
		C7F23B1A25912572007EC72A /* Info.plist */ = {isa = PBXFileReference; lastKnownFileType = text.plist.xml; path = Info.plist; sourceTree = "<group>"; };
		C7F23B1F25912572007EC72A /* iExpenseTests.xctest */ = {isa = PBXFileReference; explicitFileType = wrapper.cfbundle; includeInIndex = 0; path = iExpenseTests.xctest; sourceTree = BUILT_PRODUCTS_DIR; };
		C7F23B2325912572007EC72A /* iExpenseTests.swift */ = {isa = PBXFileReference; lastKnownFileType = sourcecode.swift; path = iExpenseTests.swift; sourceTree = "<group>"; };
		C7F23B2525912572007EC72A /* Info.plist */ = {isa = PBXFileReference; lastKnownFileType = text.plist.xml; path = Info.plist; sourceTree = "<group>"; };
		C7F23B2A25912572007EC72A /* iExpenseUITests.xctest */ = {isa = PBXFileReference; explicitFileType = wrapper.cfbundle; includeInIndex = 0; path = iExpenseUITests.xctest; sourceTree = BUILT_PRODUCTS_DIR; };
		C7F23B2E25912572007EC72A /* iExpenseUITests.swift */ = {isa = PBXFileReference; lastKnownFileType = sourcecode.swift; path = iExpenseUITests.swift; sourceTree = "<group>"; };
		C7F23B3025912572007EC72A /* Info.plist */ = {isa = PBXFileReference; lastKnownFileType = text.plist.xml; path = Info.plist; sourceTree = "<group>"; };
/* End PBXFileReference section */

/* Begin PBXFrameworksBuildPhase section */
		C7F23B0B25912570007EC72A /* Frameworks */ = {
			isa = PBXFrameworksBuildPhase;
			buildActionMask = 2147483647;
			files = (
			);
			runOnlyForDeploymentPostprocessing = 0;
		};
		C7F23B1C25912572007EC72A /* Frameworks */ = {
			isa = PBXFrameworksBuildPhase;
			buildActionMask = 2147483647;
			files = (
			);
			runOnlyForDeploymentPostprocessing = 0;
		};
		C7F23B2725912572007EC72A /* Frameworks */ = {
			isa = PBXFrameworksBuildPhase;
			buildActionMask = 2147483647;
			files = (
			);
			runOnlyForDeploymentPostprocessing = 0;
		};
/* End PBXFrameworksBuildPhase section */

/* Begin PBXGroup section */
		C7F23B0525912570007EC72A = {
			isa = PBXGroup;
			children = (
				C7F23B1025912570007EC72A /* iExpense */,
				C7F23B2225912572007EC72A /* iExpenseTests */,
				C7F23B2D25912572007EC72A /* iExpenseUITests */,
				C7F23B0F25912570007EC72A /* Products */,
			);
			sourceTree = "<group>";
		};
		C7F23B0F25912570007EC72A /* Products */ = {
			isa = PBXGroup;
			children = (
				C7F23B0E25912570007EC72A /* iExpense.app */,
				C7F23B1F25912572007EC72A /* iExpenseTests.xctest */,
				C7F23B2A25912572007EC72A /* iExpenseUITests.xctest */,
			);
			name = Products;
			sourceTree = "<group>";
		};
		C7F23B1025912570007EC72A /* iExpense */ = {
			isa = PBXGroup;
			children = (
				C7F23B1125912570007EC72A /* iExpenseApp.swift */,
				C7F23B1325912570007EC72A /* ContentView.swift */,
				C7F23B1525912572007EC72A /* Assets.xcassets */,
				C7F23B1A25912572007EC72A /* Info.plist */,
				C7F23B1725912572007EC72A /* Preview Content */,
			);
			path = iExpense;
			sourceTree = "<group>";
		};
		C7F23B1725912572007EC72A /* Preview Content */ = {
			isa = PBXGroup;
			children = (
				C7F23B1825912572007EC72A /* Preview Assets.xcassets */,
			);
			path = "Preview Content";
			sourceTree = "<group>";
		};
		C7F23B2225912572007EC72A /* iExpenseTests */ = {
			isa = PBXGroup;
			children = (
				C7F23B2325912572007EC72A /* iExpenseTests.swift */,
				C7F23B2525912572007EC72A /* Info.plist */,
			);
			path = iExpenseTests;
			sourceTree = "<group>";
		};
		C7F23B2D25912572007EC72A /* iExpenseUITests */ = {
			isa = PBXGroup;
			children = (
				C7F23B2E25912572007EC72A /* iExpenseUITests.swift */,
				C7F23B3025912572007EC72A /* Info.plist */,
			);
			path = iExpenseUITests;
			sourceTree = "<group>";
		};
/* End PBXGroup section */

/* Begin PBXNativeTarget section */
		C7F23B0D25912570007EC72A /* iExpense */ = {
			isa = PBXNativeTarget;
			buildConfigurationList = C7F23B3325912572007EC72A /* Build configuration list for PBXNativeTarget "iExpense" */;
			buildPhases = (
				C7F23B0A25912570007EC72A /* Sources */,
				C7F23B0B25912570007EC72A /* Frameworks */,
				C7F23B0C25912570007EC72A /* Resources */,
			);
			buildRules = (
			);
			dependencies = (
			);
			name = iExpense;
			productName = iExpense;
			productReference = C7F23B0E25912570007EC72A /* iExpense.app */;
			productType = "com.apple.product-type.application";
		};
		C7F23B1E25912572007EC72A /* iExpenseTests */ = {
			isa = PBXNativeTarget;
			buildConfigurationList = C7F23B3625912572007EC72A /* Build configuration list for PBXNativeTarget "iExpenseTests" */;
			buildPhases = (
				C7F23B1B25912572007EC72A /* Sources */,
				C7F23B1C25912572007EC72A /* Frameworks */,
				C7F23B1D25912572007EC72A /* Resources */,
			);
			buildRules = (
			);
			dependencies = (
				C7F23B2125912572007EC72A /* PBXTargetDependency */,
			);
			name = iExpenseTests;
			productName = iExpenseTests;
			productReference = C7F23B1F25912572007EC72A /* iExpenseTests.xctest */;
			productType = "com.apple.product-type.bundle.unit-test";
		};
		C7F23B2925912572007EC72A /* iExpenseUITests */ = {
			isa = PBXNativeTarget;
			buildConfigurationList = C7F23B3925912572007EC72A /* Build configuration list for PBXNativeTarget "iExpenseUITests" */;
			buildPhases = (
				C7F23B2625912572007EC72A /* Sources */,
				C7F23B2725912572007EC72A /* Frameworks */,
				C7F23B2825912572007EC72A /* Resources */,
			);
			buildRules = (
			);
			dependencies = (
				C7F23B2C25912572007EC72A /* PBXTargetDependency */,
			);
			name = iExpenseUITests;
			productName = iExpenseUITests;
			productReference = C7F23B2A25912572007EC72A /* iExpenseUITests.xctest */;
			productType = "com.apple.product-type.bundle.ui-testing";
		};
/* End PBXNativeTarget section */

/* Begin PBXProject section */
		C7F23B0625912570007EC72A /* Project object */ = {
			isa = PBXProject;
			attributes = {
				LastSwiftUpdateCheck = 1230;
				LastUpgradeCheck = 1230;
				TargetAttributes = {
					C7F23B0D25912570007EC72A = {
						CreatedOnToolsVersion = 12.3;
					};
					C7F23B1E25912572007EC72A = {
						CreatedOnToolsVersion = 12.3;
						TestTargetID = C7F23B0D25912570007EC72A;
					};
					C7F23B2925912572007EC72A = {
						CreatedOnToolsVersion = 12.3;
						TestTargetID = C7F23B0D25912570007EC72A;
					};
				};
			};
			buildConfigurationList = C7F23B0925912570007EC72A /* Build configuration list for PBXProject "iExpense" */;
			compatibilityVersion = "Xcode 9.3";
			developmentRegion = en;
			hasScannedForEncodings = 0;
			knownRegions = (
				en,
				Base,
			);
			mainGroup = C7F23B0525912570007EC72A;
			productRefGroup = C7F23B0F25912570007EC72A /* Products */;
			projectDirPath = "";
			projectRoot = "";
			targets = (
				C7F23B0D25912570007EC72A /* iExpense */,
				C7F23B1E25912572007EC72A /* iExpenseTests */,
				C7F23B2925912572007EC72A /* iExpenseUITests */,
			);
		};
/* End PBXProject section */

/* Begin PBXResourcesBuildPhase section */
		C7F23B0C25912570007EC72A /* Resources */ = {
			isa = PBXResourcesBuildPhase;
			buildActionMask = 2147483647;
			files = (
				C7F23B1925912572007EC72A /* Preview Assets.xcassets in Resources */,
				C7F23B1625912572007EC72A /* Assets.xcassets in Resources */,
			);
			runOnlyForDeploymentPostprocessing = 0;
		};
		C7F23B1D25912572007EC72A /* Resources */ = {
			isa = PBXResourcesBuildPhase;
			buildActionMask = 2147483647;
			files = (
			);
			runOnlyForDeploymentPostprocessing = 0;
		};
		C7F23B2825912572007EC72A /* Resources */ = {
			isa = PBXResourcesBuildPhase;
			buildActionMask = 2147483647;
			files = (
			);
			runOnlyForDeploymentPostprocessing = 0;
		};
/* End PBXResourcesBuildPhase section */

/* Begin PBXSourcesBuildPhase section */
		C7F23B0A25912570007EC72A /* Sources */ = {
			isa = PBXSourcesBuildPhase;
			buildActionMask = 2147483647;
			files = (
				C7F23B1425912570007EC72A /* ContentView.swift in Sources */,
				C7F23B1225912570007EC72A /* iExpenseApp.swift in Sources */,
			);
			runOnlyForDeploymentPostprocessing = 0;
		};
		C7F23B1B25912572007EC72A /* Sources */ = {
			isa = PBXSourcesBuildPhase;
			buildActionMask = 2147483647;
			files = (
				C7F23B2425912572007EC72A /* iExpenseTests.swift in Sources */,
			);
			runOnlyForDeploymentPostprocessing = 0;
		};
		C7F23B2625912572007EC72A /* Sources */ = {
			isa = PBXSourcesBuildPhase;
			buildActionMask = 2147483647;
			files = (
				C7F23B2F25912572007EC72A /* iExpenseUITests.swift in Sources */,
			);
			runOnlyForDeploymentPostprocessing = 0;
		};
/* End PBXSourcesBuildPhase section */

/* Begin PBXTargetDependency section */
		C7F23B2125912572007EC72A /* PBXTargetDependency */ = {
			isa = PBXTargetDependency;
			target = C7F23B0D25912570007EC72A /* iExpense */;
			targetProxy = C7F23B2025912572007EC72A /* PBXContainerItemProxy */;
		};
		C7F23B2C25912572007EC72A /* PBXTargetDependency */ = {
			isa = PBXTargetDependency;
			target = C7F23B0D25912570007EC72A /* iExpense */;
			targetProxy = C7F23B2B25912572007EC72A /* PBXContainerItemProxy */;
		};
/* End PBXTargetDependency section */

/* Begin XCBuildConfiguration section */
		C7F23B3125912572007EC72A /* Debug */ = {
			isa = XCBuildConfiguration;
			buildSettings = {
				ALWAYS_SEARCH_USER_PATHS = NO;
				CLANG_ANALYZER_NONNULL = YES;
				CLANG_ANALYZER_NUMBER_OBJECT_CONVERSION = YES_AGGRESSIVE;
				CLANG_CXX_LANGUAGE_STANDARD = "gnu++14";
				CLANG_CXX_LIBRARY = "libc++";
				CLANG_ENABLE_MODULES = YES;
				CLANG_ENABLE_OBJC_ARC = YES;
				CLANG_ENABLE_OBJC_WEAK = YES;
				CLANG_WARN_BLOCK_CAPTURE_AUTORELEASING = YES;
				CLANG_WARN_BOOL_CONVERSION = YES;
				CLANG_WARN_COMMA = YES;
				CLANG_WARN_CONSTANT_CONVERSION = YES;
				CLANG_WARN_DEPRECATED_OBJC_IMPLEMENTATIONS = YES;
				CLANG_WARN_DIRECT_OBJC_ISA_USAGE = YES_ERROR;
				CLANG_WARN_DOCUMENTATION_COMMENTS = YES;
				CLANG_WARN_EMPTY_BODY = YES;
				CLANG_WARN_ENUM_CONVERSION = YES;
				CLANG_WARN_INFINITE_RECURSION = YES;
				CLANG_WARN_INT_CONVERSION = YES;
				CLANG_WARN_NON_LITERAL_NULL_CONVERSION = YES;
				CLANG_WARN_OBJC_IMPLICIT_RETAIN_SELF = YES;
				CLANG_WARN_OBJC_LITERAL_CONVERSION = YES;
				CLANG_WARN_OBJC_ROOT_CLASS = YES_ERROR;
				CLANG_WARN_QUOTED_INCLUDE_IN_FRAMEWORK_HEADER = YES;
				CLANG_WARN_RANGE_LOOP_ANALYSIS = YES;
				CLANG_WARN_STRICT_PROTOTYPES = YES;
				CLANG_WARN_SUSPICIOUS_MOVE = YES;
				CLANG_WARN_UNGUARDED_AVAILABILITY = YES_AGGRESSIVE;
				CLANG_WARN_UNREACHABLE_CODE = YES;
				CLANG_WARN__DUPLICATE_METHOD_MATCH = YES;
				COPY_PHASE_STRIP = NO;
				DEBUG_INFORMATION_FORMAT = dwarf;
				ENABLE_STRICT_OBJC_MSGSEND = YES;
				ENABLE_TESTABILITY = YES;
				GCC_C_LANGUAGE_STANDARD = gnu11;
				GCC_DYNAMIC_NO_PIC = NO;
				GCC_NO_COMMON_BLOCKS = YES;
				GCC_OPTIMIZATION_LEVEL = 0;
				GCC_PREPROCESSOR_DEFINITIONS = (
					"DEBUG=1",
					"$(inherited)",
				);
				GCC_WARN_64_TO_32_BIT_CONVERSION = YES;
				GCC_WARN_ABOUT_RETURN_TYPE = YES_ERROR;
				GCC_WARN_UNDECLARED_SELECTOR = YES;
				GCC_WARN_UNINITIALIZED_AUTOS = YES_AGGRESSIVE;
				GCC_WARN_UNUSED_FUNCTION = YES;
				GCC_WARN_UNUSED_VARIABLE = YES;
				IPHONEOS_DEPLOYMENT_TARGET = 14.3;
				MTL_ENABLE_DEBUG_INFO = INCLUDE_SOURCE;
				MTL_FAST_MATH = YES;
				ONLY_ACTIVE_ARCH = YES;
				SDKROOT = iphoneos;
				SWIFT_ACTIVE_COMPILATION_CONDITIONS = DEBUG;
				SWIFT_OPTIMIZATION_LEVEL = "-Onone";
			};
			name = Debug;
		};
		C7F23B3225912572007EC72A /* Release */ = {
			isa = XCBuildConfiguration;
			buildSettings = {
				ALWAYS_SEARCH_USER_PATHS = NO;
				CLANG_ANALYZER_NONNULL = YES;
				CLANG_ANALYZER_NUMBER_OBJECT_CONVERSION = YES_AGGRESSIVE;
				CLANG_CXX_LANGUAGE_STANDARD = "gnu++14";
				CLANG_CXX_LIBRARY = "libc++";
				CLANG_ENABLE_MODULES = YES;
				CLANG_ENABLE_OBJC_ARC = YES;
				CLANG_ENABLE_OBJC_WEAK = YES;
				CLANG_WARN_BLOCK_CAPTURE_AUTORELEASING = YES;
				CLANG_WARN_BOOL_CONVERSION = YES;
				CLANG_WARN_COMMA = YES;
				CLANG_WARN_CONSTANT_CONVERSION = YES;
				CLANG_WARN_DEPRECATED_OBJC_IMPLEMENTATIONS = YES;
				CLANG_WARN_DIRECT_OBJC_ISA_USAGE = YES_ERROR;
				CLANG_WARN_DOCUMENTATION_COMMENTS = YES;
				CLANG_WARN_EMPTY_BODY = YES;
				CLANG_WARN_ENUM_CONVERSION = YES;
				CLANG_WARN_INFINITE_RECURSION = YES;
				CLANG_WARN_INT_CONVERSION = YES;
				CLANG_WARN_NON_LITERAL_NULL_CONVERSION = YES;
				CLANG_WARN_OBJC_IMPLICIT_RETAIN_SELF = YES;
				CLANG_WARN_OBJC_LITERAL_CONVERSION = YES;
				CLANG_WARN_OBJC_ROOT_CLASS = YES_ERROR;
				CLANG_WARN_QUOTED_INCLUDE_IN_FRAMEWORK_HEADER = YES;
				CLANG_WARN_RANGE_LOOP_ANALYSIS = YES;
				CLANG_WARN_STRICT_PROTOTYPES = YES;
				CLANG_WARN_SUSPICIOUS_MOVE = YES;
				CLANG_WARN_UNGUARDED_AVAILABILITY = YES_AGGRESSIVE;
				CLANG_WARN_UNREACHABLE_CODE = YES;
				CLANG_WARN__DUPLICATE_METHOD_MATCH = YES;
				COPY_PHASE_STRIP = NO;
				DEBUG_INFORMATION_FORMAT = "dwarf-with-dsym";
				ENABLE_NS_ASSERTIONS = NO;
				ENABLE_STRICT_OBJC_MSGSEND = YES;
				GCC_C_LANGUAGE_STANDARD = gnu11;
				GCC_NO_COMMON_BLOCKS = YES;
				GCC_WARN_64_TO_32_BIT_CONVERSION = YES;
				GCC_WARN_ABOUT_RETURN_TYPE = YES_ERROR;
				GCC_WARN_UNDECLARED_SELECTOR = YES;
				GCC_WARN_UNINITIALIZED_AUTOS = YES_AGGRESSIVE;
				GCC_WARN_UNUSED_FUNCTION = YES;
				GCC_WARN_UNUSED_VARIABLE = YES;
				IPHONEOS_DEPLOYMENT_TARGET = 14.3;
				MTL_ENABLE_DEBUG_INFO = NO;
				MTL_FAST_MATH = YES;
				SDKROOT = iphoneos;
				SWIFT_COMPILATION_MODE = wholemodule;
				SWIFT_OPTIMIZATION_LEVEL = "-O";
				VALIDATE_PRODUCT = YES;
			};
			name = Release;
		};
		C7F23B3425912572007EC72A /* Debug */ = {
			isa = XCBuildConfiguration;
			buildSettings = {
				ASSETCATALOG_COMPILER_APPICON_NAME = AppIcon;
				ASSETCATALOG_COMPILER_GLOBAL_ACCENT_COLOR_NAME = AccentColor;
				CODE_SIGN_STYLE = Automatic;
				DEVELOPMENT_ASSET_PATHS = "\"iExpense/Preview Content\"";
				DEVELOPMENT_TEAM = U9929W72F4;
				ENABLE_PREVIEWS = YES;
				INFOPLIST_FILE = iExpense/Info.plist;
				IPHONEOS_DEPLOYMENT_TARGET = 14.0;
				LD_RUNPATH_SEARCH_PATHS = (
					"$(inherited)",
					"@executable_path/Frameworks",
				);
				PRODUCT_BUNDLE_IDENTIFIER = com.expense.iExpense;
				PRODUCT_NAME = "$(TARGET_NAME)";
				SWIFT_VERSION = 5.0;
				TARGETED_DEVICE_FAMILY = "1,2";
			};
			name = Debug;
		};
		C7F23B3525912572007EC72A /* Release */ = {
			isa = XCBuildConfiguration;
			buildSettings = {
				ASSETCATALOG_COMPILER_APPICON_NAME = AppIcon;
				ASSETCATALOG_COMPILER_GLOBAL_ACCENT_COLOR_NAME = AccentColor;
				CODE_SIGN_STYLE = Automatic;
				DEVELOPMENT_ASSET_PATHS = "\"iExpense/Preview Content\"";
				DEVELOPMENT_TEAM = U9929W72F4;
				ENABLE_PREVIEWS = YES;
				INFOPLIST_FILE = iExpense/Info.plist;
				IPHONEOS_DEPLOYMENT_TARGET = 14.0;
				LD_RUNPATH_SEARCH_PATHS = (
					"$(inherited)",
					"@executable_path/Frameworks",
				);
				PRODUCT_BUNDLE_IDENTIFIER = com.expense.iExpense;
				PRODUCT_NAME = "$(TARGET_NAME)";
				SWIFT_VERSION = 5.0;
				TARGETED_DEVICE_FAMILY = "1,2";
			};
			name = Release;
		};
		C7F23B3725912572007EC72A /* Debug */ = {
			isa = XCBuildConfiguration;
			buildSettings = {
				ALWAYS_EMBED_SWIFT_STANDARD_LIBRARIES = YES;
				BUNDLE_LOADER = "$(TEST_HOST)";
				CODE_SIGN_STYLE = Automatic;
				DEVELOPMENT_TEAM = U9929W72F4;
				INFOPLIST_FILE = iExpenseTests/Info.plist;
				IPHONEOS_DEPLOYMENT_TARGET = 14.0;
				LD_RUNPATH_SEARCH_PATHS = (
					"$(inherited)",
					"@executable_path/Frameworks",
					"@loader_path/Frameworks",
				);
				PRODUCT_BUNDLE_IDENTIFIER = com.expense.iExpenseTests;
				PRODUCT_NAME = "$(TARGET_NAME)";
				SWIFT_VERSION = 5.0;
				TARGETED_DEVICE_FAMILY = "1,2";
				TEST_HOST = "$(BUILT_PRODUCTS_DIR)/iExpense.app/iExpense";
			};
			name = Debug;
		};
		C7F23B3825912572007EC72A /* Release */ = {
			isa = XCBuildConfiguration;
			buildSettings = {
				ALWAYS_EMBED_SWIFT_STANDARD_LIBRARIES = YES;
				BUNDLE_LOADER = "$(TEST_HOST)";
				CODE_SIGN_STYLE = Automatic;
				DEVELOPMENT_TEAM = U9929W72F4;
				INFOPLIST_FILE = iExpenseTests/Info.plist;
				IPHONEOS_DEPLOYMENT_TARGET = 14.0;
				LD_RUNPATH_SEARCH_PATHS = (
					"$(inherited)",
					"@executable_path/Frameworks",
					"@loader_path/Frameworks",
				);
				PRODUCT_BUNDLE_IDENTIFIER = com.expense.iExpenseTests;
				PRODUCT_NAME = "$(TARGET_NAME)";
				SWIFT_VERSION = 5.0;
				TARGETED_DEVICE_FAMILY = "1,2";
				TEST_HOST = "$(BUILT_PRODUCTS_DIR)/iExpense.app/iExpense";
			};
			name = Release;
		};
		C7F23B3A25912572007EC72A /* Debug */ = {
			isa = XCBuildConfiguration;
			buildSettings = {
				ALWAYS_EMBED_SWIFT_STANDARD_LIBRARIES = YES;
				CODE_SIGN_STYLE = Automatic;
				DEVELOPMENT_TEAM = U9929W72F4;
				INFOPLIST_FILE = iExpenseUITests/Info.plist;
				LD_RUNPATH_SEARCH_PATHS = (
					"$(inherited)",
					"@executable_path/Frameworks",
					"@loader_path/Frameworks",
				);
				PRODUCT_BUNDLE_IDENTIFIER = com.expense.iExpenseUITests;
				PRODUCT_NAME = "$(TARGET_NAME)";
				SWIFT_VERSION = 5.0;
				TARGETED_DEVICE_FAMILY = "1,2";
				TEST_TARGET_NAME = iExpense;
			};
			name = Debug;
		};
		C7F23B3B25912572007EC72A /* Release */ = {
			isa = XCBuildConfiguration;
			buildSettings = {
				ALWAYS_EMBED_SWIFT_STANDARD_LIBRARIES = YES;
				CODE_SIGN_STYLE = Automatic;
				DEVELOPMENT_TEAM = U9929W72F4;
				INFOPLIST_FILE = iExpenseUITests/Info.plist;
				LD_RUNPATH_SEARCH_PATHS = (
					"$(inherited)",
					"@executable_path/Frameworks",
					"@loader_path/Frameworks",
				);
				PRODUCT_BUNDLE_IDENTIFIER = com.expense.iExpenseUITests;
				PRODUCT_NAME = "$(TARGET_NAME)";
				SWIFT_VERSION = 5.0;
				TARGETED_DEVICE_FAMILY = "1,2";
				TEST_TARGET_NAME = iExpense;
			};
			name = Release;
		};
/* End XCBuildConfiguration section */

/* Begin XCConfigurationList section */
		C7F23B0925912570007EC72A /* Build configuration list for PBXProject "iExpense" */ = {
			isa = XCConfigurationList;
			buildConfigurations = (
				C7F23B3125912572007EC72A /* Debug */,
				C7F23B3225912572007EC72A /* Release */,
			);
			defaultConfigurationIsVisible = 0;
			defaultConfigurationName = Release;
		};
		C7F23B3325912572007EC72A /* Build configuration list for PBXNativeTarget "iExpense" */ = {
			isa = XCConfigurationList;
			buildConfigurations = (
				C7F23B3425912572007EC72A /* Debug */,
				C7F23B3525912572007EC72A /* Release */,
			);
			defaultConfigurationIsVisible = 0;
			defaultConfigurationName = Release;
		};
		C7F23B3625912572007EC72A /* Build configuration list for PBXNativeTarget "iExpenseTests" */ = {
			isa = XCConfigurationList;
			buildConfigurations = (
				C7F23B3725912572007EC72A /* Debug */,
				C7F23B3825912572007EC72A /* Release */,
			);
			defaultConfigurationIsVisible = 0;
			defaultConfigurationName = Release;
		};
		C7F23B3925912572007EC72A /* Build configuration list for PBXNativeTarget "iExpenseUITests" */ = {
			isa = XCConfigurationList;
			buildConfigurations = (
				C7F23B3A25912572007EC72A /* Debug */,
				C7F23B3B25912572007EC72A /* Release */,
			);
			defaultConfigurationIsVisible = 0;
			defaultConfigurationName = Release;
		};
/* End XCConfigurationList section */
	};
	rootObject = C7F23B0625912570007EC72A /* Project object */;
}
